
Microsoft Visual Studio Solution File, Format Version 12.00
# Visual Studio Version 16
VisualStudioVersion = 16.0.30523.141
MinimumVisualStudioVersion = 10.0.40219.1
Project("{2150E333-8FDC-42A3-9474-1A3956D46DE8}") = "src", "src", "{897D0220-B38A-4875-8148-7052959CBDCB}"
EndProject
Project("{2150E333-8FDC-42A3-9474-1A3956D46DE8}") = "Behavioral", "Behavioral", "{9B05A6A4-442B-4170-AEB6-3A05C864C52B}"
EndProject
Project("{9A19103F-16F7-4668-BE54-9A1E7A4F7556}") = "Strategy", "src\Behavioral\Strategy\Strategy.csproj", "{4ADFFAEF-988C-4C33-B4DF-26B4AAA33219}"
EndProject
Project("{2150E333-8FDC-42A3-9474-1A3956D46DE8}") = "Creational", "Creational", "{27464237-927C-41E0-85E7-78FC9E2A3F93}"
EndProject
Project("{9A19103F-16F7-4668-BE54-9A1E7A4F7556}") = "Builder", "src\Creational\Builder\Builder.csproj", "{3E30B721-EB16-4F8E-80FE-8B1174B86E0E}"
EndProject
Project("{2150E333-8FDC-42A3-9474-1A3956D46DE8}") = "Structural", "Structural", "{DA07D96E-FA33-4CEA-86C5-C675F2014340}"
EndProject
Project("{9A19103F-16F7-4668-BE54-9A1E7A4F7556}") = "Decorator", "src\Structural\Decorator\Decorator.csproj", "{08725622-A496-43F3-8C1F-B2BA61234E2D}"
EndProject
Project("{FAE04EC0-301F-11D3-BF4B-00C04F79EFBC}") = "Factory", "src\Creational\Factory\Factory.csproj", "{C25D4760-F814-4FA3-A779-34F06C322DB0}"
EndProject
Global
	GlobalSection(SolutionConfigurationPlatforms) = preSolution
		Debug|Any CPU = Debug|Any CPU
		Debug|x64 = Debug|x64
		Debug|x86 = Debug|x86
		Release|Any CPU = Release|Any CPU
		Release|x64 = Release|x64
		Release|x86 = Release|x86
	EndGlobalSection
	GlobalSection(ProjectConfigurationPlatforms) = postSolution
		{4ADFFAEF-988C-4C33-B4DF-26B4AAA33219}.Debug|Any CPU.ActiveCfg = Debug|Any CPU
		{4ADFFAEF-988C-4C33-B4DF-26B4AAA33219}.Debug|Any CPU.Build.0 = Debug|Any CPU
		{4ADFFAEF-988C-4C33-B4DF-26B4AAA33219}.Debug|x64.ActiveCfg = Debug|Any CPU
		{4ADFFAEF-988C-4C33-B4DF-26B4AAA33219}.Debug|x64.Build.0 = Debug|Any CPU
		{4ADFFAEF-988C-4C33-B4DF-26B4AAA33219}.Debug|x86.ActiveCfg = Debug|Any CPU
		{4ADFFAEF-988C-4C33-B4DF-26B4AAA33219}.Debug|x86.Build.0 = Debug|Any CPU
		{4ADFFAEF-988C-4C33-B4DF-26B4AAA33219}.Release|Any CPU.ActiveCfg = Release|Any CPU
		{4ADFFAEF-988C-4C33-B4DF-26B4AAA33219}.Release|Any CPU.Build.0 = Release|Any CPU
		{4ADFFAEF-988C-4C33-B4DF-26B4AAA33219}.Release|x64.ActiveCfg = Release|Any CPU
		{4ADFFAEF-988C-4C33-B4DF-26B4AAA33219}.Release|x64.Build.0 = Release|Any CPU
		{4ADFFAEF-988C-4C33-B4DF-26B4AAA33219}.Release|x86.ActiveCfg = Release|Any CPU
		{4ADFFAEF-988C-4C33-B4DF-26B4AAA33219}.Release|x86.Build.0 = Release|Any CPU
		{3E30B721-EB16-4F8E-80FE-8B1174B86E0E}.Debug|Any CPU.ActiveCfg = Debug|Any CPU
		{3E30B721-EB16-4F8E-80FE-8B1174B86E0E}.Debug|Any CPU.Build.0 = Debug|Any CPU
		{3E30B721-EB16-4F8E-80FE-8B1174B86E0E}.Debug|x64.ActiveCfg = Debug|Any CPU
		{3E30B721-EB16-4F8E-80FE-8B1174B86E0E}.Debug|x64.Build.0 = Debug|Any CPU
		{3E30B721-EB16-4F8E-80FE-8B1174B86E0E}.Debug|x86.ActiveCfg = Debug|Any CPU
		{3E30B721-EB16-4F8E-80FE-8B1174B86E0E}.Debug|x86.Build.0 = Debug|Any CPU
		{3E30B721-EB16-4F8E-80FE-8B1174B86E0E}.Release|Any CPU.ActiveCfg = Release|Any CPU
		{3E30B721-EB16-4F8E-80FE-8B1174B86E0E}.Release|Any CPU.Build.0 = Release|Any CPU
		{3E30B721-EB16-4F8E-80FE-8B1174B86E0E}.Release|x64.ActiveCfg = Release|Any CPU
		{3E30B721-EB16-4F8E-80FE-8B1174B86E0E}.Release|x64.Build.0 = Release|Any CPU
		{3E30B721-EB16-4F8E-80FE-8B1174B86E0E}.Release|x86.ActiveCfg = Release|Any CPU
		{3E30B721-EB16-4F8E-80FE-8B1174B86E0E}.Release|x86.Build.0 = Release|Any CPU
		{08725622-A496-43F3-8C1F-B2BA61234E2D}.Debug|Any CPU.ActiveCfg = Debug|Any CPU
		{08725622-A496-43F3-8C1F-B2BA61234E2D}.Debug|Any CPU.Build.0 = Debug|Any CPU
		{08725622-A496-43F3-8C1F-B2BA61234E2D}.Debug|x64.ActiveCfg = Debug|Any CPU
		{08725622-A496-43F3-8C1F-B2BA61234E2D}.Debug|x64.Build.0 = Debug|Any CPU
		{08725622-A496-43F3-8C1F-B2BA61234E2D}.Debug|x86.ActiveCfg = Debug|Any CPU
		{08725622-A496-43F3-8C1F-B2BA61234E2D}.Debug|x86.Build.0 = Debug|Any CPU
		{08725622-A496-43F3-8C1F-B2BA61234E2D}.Release|Any CPU.ActiveCfg = Release|Any CPU
		{08725622-A496-43F3-8C1F-B2BA61234E2D}.Release|Any CPU.Build.0 = Release|Any CPU
		{08725622-A496-43F3-8C1F-B2BA61234E2D}.Release|x64.ActiveCfg = Release|Any CPU
		{08725622-A496-43F3-8C1F-B2BA61234E2D}.Release|x64.Build.0 = Release|Any CPU
		{08725622-A496-43F3-8C1F-B2BA61234E2D}.Release|x86.ActiveCfg = Release|Any CPU
		{08725622-A496-43F3-8C1F-B2BA61234E2D}.Release|x86.Build.0 = Release|Any CPU
		{C25D4760-F814-4FA3-A779-34F06C322DB0}.Debug|Any CPU.ActiveCfg = Debug|Any CPU
		{C25D4760-F814-4FA3-A779-34F06C322DB0}.Debug|Any CPU.Build.0 = Debug|Any CPU
		{C25D4760-F814-4FA3-A779-34F06C322DB0}.Debug|x64.ActiveCfg = Debug|Any CPU
		{C25D4760-F814-4FA3-A779-34F06C322DB0}.Debug|x64.Build.0 = Debug|Any CPU
		{C25D4760-F814-4FA3-A779-34F06C322DB0}.Debug|x86.ActiveCfg = Debug|Any CPU
		{C25D4760-F814-4FA3-A779-34F06C322DB0}.Debug|x86.Build.0 = Debug|Any CPU
		{C25D4760-F814-4FA3-A779-34F06C322DB0}.Release|Any CPU.ActiveCfg = Release|Any CPU
		{C25D4760-F814-4FA3-A779-34F06C322DB0}.Release|Any CPU.Build.0 = Release|Any CPU
		{C25D4760-F814-4FA3-A779-34F06C322DB0}.Release|x64.ActiveCfg = Release|Any CPU
		{C25D4760-F814-4FA3-A779-34F06C322DB0}.Release|x64.Build.0 = Release|Any CPU
		{C25D4760-F814-4FA3-A779-34F06C322DB0}.Release|x86.ActiveCfg = Release|Any CPU
		{C25D4760-F814-4FA3-A779-34F06C322DB0}.Release|x86.Build.0 = Release|Any CPU
	EndGlobalSection
	GlobalSection(SolutionProperties) = preSolution
		HideSolutionNode = FALSE
	EndGlobalSection
	GlobalSection(NestedProjects) = preSolution
		{9B05A6A4-442B-4170-AEB6-3A05C864C52B} = {897D0220-B38A-4875-8148-7052959CBDCB}
		{4ADFFAEF-988C-4C33-B4DF-26B4AAA33219} = {9B05A6A4-442B-4170-AEB6-3A05C864C52B}
		{27464237-927C-41E0-85E7-78FC9E2A3F93} = {897D0220-B38A-4875-8148-7052959CBDCB}
		{3E30B721-EB16-4F8E-80FE-8B1174B86E0E} = {27464237-927C-41E0-85E7-78FC9E2A3F93}
		{DA07D96E-FA33-4CEA-86C5-C675F2014340} = {897D0220-B38A-4875-8148-7052959CBDCB}
		{08725622-A496-43F3-8C1F-B2BA61234E2D} = {DA07D96E-FA33-4CEA-86C5-C675F2014340}
		{C25D4760-F814-4FA3-A779-34F06C322DB0} = {27464237-927C-41E0-85E7-78FC9E2A3F93}
	EndGlobalSection
	GlobalSection(ExtensibilityGlobals) = postSolution
		SolutionGuid = {C63DABD3-C86E-4C4B-818F-ACDB665E4878}
	EndGlobalSection
EndGlobal
